
Microsoft Visual Studio Solution File, Format Version 12.00
# Visual Studio Version 16
VisualStudioVersion = 16.0.31112.23
MinimumVisualStudioVersion = 10.0.40219.1
Project("{FAE04EC0-301F-11D3-BF4B-00C04F79EFBC}") = "IndexCalculus", "IndexCalculus.csproj", "{FDC68BA3-9849-4289-A413-96D98246BCCC}"
EndProject
Global
	GlobalSection(SolutionConfigurationPlatforms) = preSolution
		Debug|Any CPU = Debug|Any CPU
		Release|Any CPU = Release|Any CPU
	EndGlobalSection
	GlobalSection(ProjectConfigurationPlatforms) = postSolution
		{FDC68BA3-9849-4289-A413-96D98246BCCC}.Debug|Any CPU.ActiveCfg = Debug|Any CPU
		{FDC68BA3-9849-4289-A413-96D98246BCCC}.Debug|Any CPU.Build.0 = Debug|Any CPU
		{FDC68BA3-9849-4289-A413-96D98246BCCC}.Release|Any CPU.ActiveCfg = Release|Any CPU
		{FDC68BA3-9849-4289-A413-96D98246BCCC}.Release|Any CPU.Build.0 = Release|Any CPU
	EndGlobalSection
	GlobalSection(SolutionProperties) = preSolution
		HideSolutionNode = FALSE
	EndGlobalSection
	GlobalSection(ExtensibilityGlobals) = postSolution
		SolutionGuid = {1BA68419-13B2-4B25-BFB8-D46C83DD2D11}
	EndGlobalSection
EndGlobal
